
Microsoft Visual Studio Solution File, Format Version 12.00
Project("{FAE04EC0-301F-11D3-BF4B-00C04F79EFBC}") = "VideoSearcherWin32", "VideoSearcherWin32\VideoSearcherWin32.csproj", "{8CE6B0D4-2D6A-4509-90E4-56F9585BC864}"
EndProject
Project("{FAE04EC0-301F-11D3-BF4B-00C04F79EFBC}") = "VideoCommon", "VideoCommon\VideoCommon.csproj", "{0C23286F-9D83-467D-87A1-D2A40758724B}"
EndProject
Global
	GlobalSection(SolutionConfigurationPlatforms) = preSolution
		Debug|Any CPU = Debug|Any CPU
		Release|Any CPU = Release|Any CPU
	EndGlobalSection
	GlobalSection(ProjectConfigurationPlatforms) = postSolution
		{8CE6B0D4-2D6A-4509-90E4-56F9585BC864}.Debug|Any CPU.ActiveCfg = Debug|Any CPU
		{8CE6B0D4-2D6A-4509-90E4-56F9585BC864}.Debug|Any CPU.Build.0 = Debug|Any CPU
		{8CE6B0D4-2D6A-4509-90E4-56F9585BC864}.Release|Any CPU.ActiveCfg = Release|Any CPU
		{8CE6B0D4-2D6A-4509-90E4-56F9585BC864}.Release|Any CPU.Build.0 = Release|Any CPU
		{0C23286F-9D83-467D-87A1-D2A40758724B}.Debug|Any CPU.ActiveCfg = Debug|Any CPU
		{0C23286F-9D83-467D-87A1-D2A40758724B}.Debug|Any CPU.Build.0 = Debug|Any CPU
		{0C23286F-9D83-467D-87A1-D2A40758724B}.Release|Any CPU.ActiveCfg = Release|Any CPU
		{0C23286F-9D83-467D-87A1-D2A40758724B}.Release|Any CPU.Build.0 = Release|Any CPU
	EndGlobalSection
EndGlobal
